
Microsoft Visual Studio Solution File, Format Version 12.00
# Visual Studio Version 17
VisualStudioVersion = 17.5.33424.131
MinimumVisualStudioVersion = 10.0.40219.1
Project("{FAE04EC0-301F-11D3-BF4B-00C04F79EFBC}") = "TimeStamp", "TimeStamp\TimeStamp.csproj", "{FC397A48-041A-4870-953B-902D734140A3}"
EndProject
Global
	GlobalSection(SolutionConfigurationPlatforms) = preSolution
		Debug|Any CPU = Debug|Any CPU
		Release|Any CPU = Release|Any CPU
	EndGlobalSection
	GlobalSection(ProjectConfigurationPlatforms) = postSolution
		{FC397A48-041A-4870-953B-902D734140A3}.Debug|Any CPU.ActiveCfg = Debug|Any CPU
		{FC397A48-041A-4870-953B-902D734140A3}.Debug|Any CPU.Build.0 = Debug|Any CPU
		{FC397A48-041A-4870-953B-902D734140A3}.Release|Any CPU.ActiveCfg = Release|Any CPU
		{FC397A48-041A-4870-953B-902D734140A3}.Release|Any CPU.Build.0 = Release|Any CPU
	EndGlobalSection
	GlobalSection(SolutionProperties) = preSolution
		HideSolutionNode = FALSE
	EndGlobalSection
	GlobalSection(ExtensibilityGlobals) = postSolution
		SolutionGuid = {1FDDC427-CB6A-4604-A262-5F42C5E01D52}
	EndGlobalSection
EndGlobal
